
Microsoft Visual Studio Solution File, Format Version 12.00
# Visual Studio Version 16
VisualStudioVersion = 16.0.31613.86
MinimumVisualStudioVersion = 10.0.40219.1
Project("{FAE04EC0-301F-11D3-BF4B-00C04F79EFBC}") = "server-business-soapcore", "server-business-soapcore.csproj", "{44A8B414-C665-4E9F-B59F-A547F5609CC8}"
EndProject
Global
	GlobalSection(SolutionConfigurationPlatforms) = preSolution
		Debug|Any CPU = Debug|Any CPU
		Release|Any CPU = Release|Any CPU
	EndGlobalSection
	GlobalSection(ProjectConfigurationPlatforms) = postSolution
		{44A8B414-C665-4E9F-B59F-A547F5609CC8}.Debug|Any CPU.ActiveCfg = Debug|Any CPU
		{44A8B414-C665-4E9F-B59F-A547F5609CC8}.Debug|Any CPU.Build.0 = Debug|Any CPU
		{44A8B414-C665-4E9F-B59F-A547F5609CC8}.Release|Any CPU.ActiveCfg = Release|Any CPU
		{44A8B414-C665-4E9F-B59F-A547F5609CC8}.Release|Any CPU.Build.0 = Release|Any CPU
	EndGlobalSection
	GlobalSection(SolutionProperties) = preSolution
		HideSolutionNode = FALSE
	EndGlobalSection
	GlobalSection(ExtensibilityGlobals) = postSolution
		SolutionGuid = {C2C47785-047D-47E0-9049-EC686C7DBB72}
	EndGlobalSection
EndGlobal
